
Microsoft Visual Studio Solution File, Format Version 12.00
# Visual Studio 14
VisualStudioVersion = 14.0.25420.1
MinimumVisualStudioVersion = 10.0.40219.1
Project("{FAE04EC0-301F-11D3-BF4B-00C04F79EFBC}") = "Client.Console", "src\Client.Console\Client.Console.csproj", "{A0F23B7E-84F3-4082-92A7-0C72F6D32848}"
EndProject
Project("{2150E333-8FDC-42A3-9474-1A3956D46DE8}") = "docs", "docs", "{FC0D9008-3E15-46D7-9763-F4C3E008105C}"
	ProjectSection(SolutionItems) = preProject
		docs\README.md = docs\README.md
	EndProjectSection
EndProject
Project("{FAE04EC0-301F-11D3-BF4B-00C04F79EFBC}") = "Domain", "src\Domain\Domain.csproj", "{A662BFFB-1C82-4383-B572-8E035DBBAD5F}"
EndProject
Project("{2150E333-8FDC-42A3-9474-1A3956D46DE8}") = "src", "src", "{23A0DF8E-4ADD-4B7C-BDAD-EB856AF9B5A3}"
EndProject
Project("{2150E333-8FDC-42A3-9474-1A3956D46DE8}") = "tests", "tests", "{BFD0AB46-712B-4505-81B6-F601178C31D9}"
EndProject
Project("{FAE04EC0-301F-11D3-BF4B-00C04F79EFBC}") = "Domain.Unit.Tests", "tests\Domain.Unit.Tests\Domain.Unit.Tests.csproj", "{D1A41878-ACC1-4392-84D0-C86D4E2BE959}"
EndProject
Project("{FAE04EC0-301F-11D3-BF4B-00C04F79EFBC}") = "Application", "src\Application\Application.csproj", "{ED990BE8-B8E9-4C6E-BE37-E1C1FD3B0ED3}"
EndProject
Project("{FAE04EC0-301F-11D3-BF4B-00C04F79EFBC}") = "Infrastructure", "src\Infrastructure\Infrastructure.csproj", "{18EAC141-D026-442F-B458-D9F8E62F421A}"
EndProject
Global
	GlobalSection(SolutionConfigurationPlatforms) = preSolution
		Debug|Any CPU = Debug|Any CPU
		Release|Any CPU = Release|Any CPU
	EndGlobalSection
	GlobalSection(ProjectConfigurationPlatforms) = postSolution
		{A0F23B7E-84F3-4082-92A7-0C72F6D32848}.Debug|Any CPU.ActiveCfg = Debug|Any CPU
		{A0F23B7E-84F3-4082-92A7-0C72F6D32848}.Debug|Any CPU.Build.0 = Debug|Any CPU
		{A0F23B7E-84F3-4082-92A7-0C72F6D32848}.Release|Any CPU.ActiveCfg = Release|Any CPU
		{A0F23B7E-84F3-4082-92A7-0C72F6D32848}.Release|Any CPU.Build.0 = Release|Any CPU
		{A662BFFB-1C82-4383-B572-8E035DBBAD5F}.Debug|Any CPU.ActiveCfg = Debug|Any CPU
		{A662BFFB-1C82-4383-B572-8E035DBBAD5F}.Debug|Any CPU.Build.0 = Debug|Any CPU
		{A662BFFB-1C82-4383-B572-8E035DBBAD5F}.Release|Any CPU.ActiveCfg = Release|Any CPU
		{A662BFFB-1C82-4383-B572-8E035DBBAD5F}.Release|Any CPU.Build.0 = Release|Any CPU
		{D1A41878-ACC1-4392-84D0-C86D4E2BE959}.Debug|Any CPU.ActiveCfg = Debug|Any CPU
		{D1A41878-ACC1-4392-84D0-C86D4E2BE959}.Debug|Any CPU.Build.0 = Debug|Any CPU
		{D1A41878-ACC1-4392-84D0-C86D4E2BE959}.Release|Any CPU.ActiveCfg = Release|Any CPU
		{D1A41878-ACC1-4392-84D0-C86D4E2BE959}.Release|Any CPU.Build.0 = Release|Any CPU
		{ED990BE8-B8E9-4C6E-BE37-E1C1FD3B0ED3}.Debug|Any CPU.ActiveCfg = Debug|Any CPU
		{ED990BE8-B8E9-4C6E-BE37-E1C1FD3B0ED3}.Debug|Any CPU.Build.0 = Debug|Any CPU
		{ED990BE8-B8E9-4C6E-BE37-E1C1FD3B0ED3}.Release|Any CPU.ActiveCfg = Release|Any CPU
		{ED990BE8-B8E9-4C6E-BE37-E1C1FD3B0ED3}.Release|Any CPU.Build.0 = Release|Any CPU
		{18EAC141-D026-442F-B458-D9F8E62F421A}.Debug|Any CPU.ActiveCfg = Debug|Any CPU
		{18EAC141-D026-442F-B458-D9F8E62F421A}.Debug|Any CPU.Build.0 = Debug|Any CPU
		{18EAC141-D026-442F-B458-D9F8E62F421A}.Release|Any CPU.ActiveCfg = Release|Any CPU
		{18EAC141-D026-442F-B458-D9F8E62F421A}.Release|Any CPU.Build.0 = Release|Any CPU
	EndGlobalSection
	GlobalSection(SolutionProperties) = preSolution
		HideSolutionNode = FALSE
	EndGlobalSection
	GlobalSection(NestedProjects) = preSolution
		{A662BFFB-1C82-4383-B572-8E035DBBAD5F} = {23A0DF8E-4ADD-4B7C-BDAD-EB856AF9B5A3}
		{D1A41878-ACC1-4392-84D0-C86D4E2BE959} = {BFD0AB46-712B-4505-81B6-F601178C31D9}
		{ED990BE8-B8E9-4C6E-BE37-E1C1FD3B0ED3} = {23A0DF8E-4ADD-4B7C-BDAD-EB856AF9B5A3}
		{A0F23B7E-84F3-4082-92A7-0C72F6D32848} = {23A0DF8E-4ADD-4B7C-BDAD-EB856AF9B5A3}
		{18EAC141-D026-442F-B458-D9F8E62F421A} = {23A0DF8E-4ADD-4B7C-BDAD-EB856AF9B5A3}
	EndGlobalSection
EndGlobal
